github.com/Comdex/imgo v0.0.0-20200213094239-bb8d436f1e5a h1:R6uoBNIHx3UyxxG+ntWSC/g9gXUIPSk1bvW9zzhIadE=
github.com/Comdex/imgo v0.0.0-20200213094239-bb8d436f1e5a/go.mod h1:OqTmmqMJZcFVi/fGDvpvoCYxFjyFgkJ5wRU42g1bWQY=
github.com/disintegration/imaging v1.6.2 h1:w1LecBlG2Lnp8B3jk5zSuNqd7b4DXhcjwek1ei82L+c=
github.com/disintegration/imaging v1.6.2/go.mod h1:44/5580QXChDfwIclfc/PCwrr44amcmDAg8hxG0Ewe4=
golang.org/x/image v0.0.0-20191009234506-e7c1f5e7dbb8 h1:hVwzHzIUGRjiF7EcUjqNxk3NCfkPxbDKRdnNE1Rpg0U=
golang.org/x/image v0.0.0-20191009234506-e7c1f5e7dbb8/go.mod h1:FeLwcggjj3mMvU+oOTbSwawSJRM1uh48EjtB4UJZlP0=
golang.org/x/text v0.3.0/go.mod h1:NqM8EUOU14njkJ3fqMW+pc6Ldnwhi/IjpwHt7yyuwOQ=
